
Microsoft Visual Studio Solution File, Format Version 12.00
# Visual Studio Version 17
VisualStudioVersion = 17.2.32519.379
MinimumVisualStudioVersion = 10.0.40219.1
Project("{888888A0-9F3D-457C-B088-3A5042F75D52}") = "Tingimuslik opetaaror IF__Konjajev11", "Tingimuslik opetaaror IF__Konjajev11\Tingimuslik opetaaror IF__Konjajev11.pyproj", "{9599BBE8-96E7-4513-BC8B-448E84F68170}"
EndProject
Global
	GlobalSection(SolutionConfigurationPlatforms) = preSolution
		Debug|Any CPU = Debug|Any CPU
		Release|Any CPU = Release|Any CPU
	EndGlobalSection
	GlobalSection(ProjectConfigurationPlatforms) = postSolution
		{9599BBE8-96E7-4513-BC8B-448E84F68170}.Debug|Any CPU.ActiveCfg = Debug|Any CPU
		{9599BBE8-96E7-4513-BC8B-448E84F68170}.Release|Any CPU.ActiveCfg = Release|Any CPU
	EndGlobalSection
	GlobalSection(SolutionProperties) = preSolution
		HideSolutionNode = FALSE
	EndGlobalSection
	GlobalSection(ExtensibilityGlobals) = postSolution
		SolutionGuid = {1C130610-1573-40FF-9723-A30777A082F7}
	EndGlobalSection
EndGlobal
